
Microsoft Visual Studio Solution File, Format Version 12.00
# Visual Studio Version 17
VisualStudioVersion = 17.2.32526.322
MinimumVisualStudioVersion = 10.0.40219.1
Project("{FAE04EC0-301F-11D3-BF4B-00C04F79EFBC}") = "ByteBank", "ConsoleApp1\ByteBank.csproj", "{95FA8650-7709-43E1-ADFB-26CDB11C48C0}"
EndProject
Global
	GlobalSection(SolutionConfigurationPlatforms) = preSolution
		Debug|Any CPU = Debug|Any CPU
		Release|Any CPU = Release|Any CPU
	EndGlobalSection
	GlobalSection(ProjectConfigurationPlatforms) = postSolution
		{95FA8650-7709-43E1-ADFB-26CDB11C48C0}.Debug|Any CPU.ActiveCfg = Debug|Any CPU
		{95FA8650-7709-43E1-ADFB-26CDB11C48C0}.Debug|Any CPU.Build.0 = Debug|Any CPU
		{95FA8650-7709-43E1-ADFB-26CDB11C48C0}.Release|Any CPU.ActiveCfg = Release|Any CPU
		{95FA8650-7709-43E1-ADFB-26CDB11C48C0}.Release|Any CPU.Build.0 = Release|Any CPU
	EndGlobalSection
	GlobalSection(SolutionProperties) = preSolution
		HideSolutionNode = FALSE
	EndGlobalSection
	GlobalSection(ExtensibilityGlobals) = postSolution
		SolutionGuid = {54670932-D451-4BA7-8226-13A9C181317B}
	EndGlobalSection
EndGlobal
